Microsoft Visual Studio Solution File, Format Version 12.00
# Visual Studio Version 17
VisualStudioVersion = 17.0.31912.275
MinimumVisualStudioVersion = 10.0.40219.1
Project("{FAE04EC0-301F-11D3-BF4B-00C04F79EFBC}") = "Celeste.Core", "src\Celeste.Core\Celeste.Core.csproj", "{48466446-E7FA-4A12-9AA8-8F77027898DF}"
EndProject
Project("{FAE04EC0-301F-11D3-BF4B-00C04F79EFBC}") = "Celeste.Android", "src\Celeste.Android\Celeste.Android.csproj", "{599D98C3-B147-40A0-9D55-C310FAD3F1D8}"
EndProject
Global
	GlobalSection(SolutionConfigurationPlatforms) = preSolution
		Debug|Any CPU = Debug|Any CPU
		Release|Any CPU = Release|Any CPU
	EndGlobalSection
	GlobalSection(ProjectConfigurationPlatforms) = postSolution
		{48466446-E7FA-4A12-9AA8-8F77027898DF}.Debug|Any CPU.ActiveCfg = Debug|Any CPU
		{48466446-E7FA-4A12-9AA8-8F77027898DF}.Release|Any CPU.ActiveCfg = Release|Any CPU
		{599D98C3-B147-40A0-9D55-C310FAD3F1D8}.Debug|Any CPU.ActiveCfg = Debug|Any CPU
		{599D98C3-B147-40A0-9D55-C310FAD3F1D8}.Release|Any CPU.ActiveCfg = Release|Any CPU
	EndGlobalSection
EndGlobal
